github.com/golang/protobuf v1.3.1 h1:YF8+flBXS5eO826T4nzqPrxfhQThhXl0YzfuUPu4SBg=
github.com/golang/protobuf v1.3.1/go.mod h1:6lQm79b+lXiMfvg/cZm0SGofjICqVBUtrP5yJMmIC1U=
github.com/obase/conf v0.0.2 h1:S+xt9QdKi7tXOd6AFxcoBegKrqnWp/KTK4qVHdRDxpU=
github.com/obase/conf v0.0.2/go.mod h1:8VGVyovH9k2OJPRQpuJhy5AhJc6/hH0ujcx2r31+AII=
github.com/obase/log v0.0.4 h1:Fw1cRPW5/479IP7URLs29IxTh57oEFwFSCPKIOpSmc4=
github.com/obase/log v0.0.4/go.mod h1:c4HBsPKZWGs90uAwNBmy5rhrG2hroYudhnsTlJkRmgc=
gopkg.in/check.v1 v0.0.0-20161208181325-20d25e280405 h1:yhCVgyC4o1eVCa2tZl7eS0r+SDo693bJlVdllGtEeKM=
gopkg.in/check.v1 v0.0.0-20161208181325-20d25e280405/go.mod h1:Co6ibVJAznAaIkqp8huTwlJQCZ016jof/cbN4VW5Yz0=
gopkg.in/yaml.v2 v2.2.2 h1:ZCJp+EgiOT7lHqUV2J862kp8Qj64Jo6az82+3Td9dZw=
gopkg.in/yaml.v2 v2.2.2/go.mod h1:hI93XBmqTisBFMUTm0b8Fm+jr3Dg1NNxqwp+5A1VGuI=
